// !$*UTF8*$!
{
	archiveVersion = 1;
	classes = {
	};
	objectVersion = 55;
	objects = {

/* Begin PBXBuildFile section */
		D153F1A127174DCF00FF4619 /* pathAndShapeApp.swift in Sources */ = {isa = PBXBuildFile; fileRef = D153F1A027174DCF00FF4619 /* pathAndShapeApp.swift */; };
		D153F1A327174DCF00FF4619 /* ContentView.swift in Sources */ = {isa = PBXBuildFile; fileRef = D153F1A227174DCF00FF4619 /* ContentView.swift */; };
		D153F1A527174DD000FF4619 /* Assets.xcassets in Resources */ = {isa = PBXBuildFile; fileRef = D153F1A427174DD000FF4619 /* Assets.xcassets */; };
		D153F1A827174DD000FF4619 /* Preview Assets.xcassets in Resources */ = {isa = PBXBuildFile; fileRef = D153F1A727174DD000FF4619 /* Preview Assets.xcassets */; };
		D1716DAF2717E9F300187D1B /* BigChungusOutline.swift in Sources */ = {isa = PBXBuildFile; fileRef = D1716DAE2717E9F300187D1B /* BigChungusOutline.swift */; };
		D1716DB12717F57C00187D1B /* BigChungusStomach.swift in Sources */ = {isa = PBXBuildFile; fileRef = D1716DB02717F57C00187D1B /* BigChungusStomach.swift */; };
		D1E1457B271C783B0050DFD7 /* FriendView.swift in Sources */ = {isa = PBXBuildFile; fileRef = D1E1457A271C783B0050DFD7 /* FriendView.swift */; };
/* End PBXBuildFile section */

/* Begin PBXFileReference section */
		D153F19D27174DCF00FF4619 /* pathAndShape.app */ = {isa = PBXFileReference; explicitFileType = wrapper.application; includeInIndex = 0; path = pathAndShape.app; sourceTree = BUILT_PRODUCTS_DIR; };
		D153F1A027174DCF00FF4619 /* pathAndShapeApp.swift */ = {isa = PBXFileReference; lastKnownFileType = sourcecode.swift; path = pathAndShapeApp.swift; sourceTree = "<group>"; };
		D153F1A227174DCF00FF4619 /* ContentView.swift */ = {isa = PBXFileReference; lastKnownFileType = sourcecode.swift; path = ContentView.swift; sourceTree = "<group>"; };
		D153F1A427174DD000FF4619 /* Assets.xcassets */ = {isa = PBXFileReference; lastKnownFileType = folder.assetcatalog; path = Assets.xcassets; sourceTree = "<group>"; };
		D153F1A727174DD000FF4619 /* Preview Assets.xcassets */ = {isa = PBXFileReference; lastKnownFileType = folder.assetcatalog; path = "Preview Assets.xcassets"; sourceTree = "<group>"; };
		D1716DAE2717E9F300187D1B /* BigChungusOutline.swift */ = {isa = PBXFileReference; fileEncoding = 4; lastKnownFileType = sourcecode.swift; path = BigChungusOutline.swift; sourceTree = "<group>"; };
		D1716DB02717F57C00187D1B /* BigChungusStomach.swift */ = {isa = PBXFileReference; lastKnownFileType = sourcecode.swift; path = BigChungusStomach.swift; sourceTree = "<group>"; };
		D1E1457A271C783B0050DFD7 /* FriendView.swift */ = {isa = PBXFileReference; fileEncoding = 4; lastKnownFileType = sourcecode.swift; path = FriendView.swift; sourceTree = "<group>"; };
/* End PBXFileReference section */

/* Begin PBXFrameworksBuildPhase section */
		D153F19A27174DCF00FF4619 /* Frameworks */ = {
			isa = PBXFrameworksBuildPhase;
			buildActionMask = 2147483647;
			files = (
			);
			runOnlyForDeploymentPostprocessing = 0;
		};
/* End PBXFrameworksBuildPhase section */

/* Begin PBXGroup section */
		D153F19427174DCF00FF4619 = {
			isa = PBXGroup;
			children = (
				D153F19F27174DCF00FF4619 /* pathAndShape */,
				D153F19E27174DCF00FF4619 /* Products */,
			);
			sourceTree = "<group>";
		};
		D153F19E27174DCF00FF4619 /* Products */ = {
			isa = PBXGroup;
			children = (
				D153F19D27174DCF00FF4619 /* pathAndShape.app */,
			);
			name = Products;
			sourceTree = "<group>";
		};
		D153F19F27174DCF00FF4619 /* pathAndShape */ = {
			isa = PBXGroup;
			children = (
				D1E1457A271C783B0050DFD7 /* FriendView.swift */,
				D153F1A027174DCF00FF4619 /* pathAndShapeApp.swift */,
				D153F1A227174DCF00FF4619 /* ContentView.swift */,
				D1716DAE2717E9F300187D1B /* BigChungusOutline.swift */,
				D1716DB02717F57C00187D1B /* BigChungusStomach.swift */,
				D153F1A427174DD000FF4619 /* Assets.xcassets */,
				D153F1A627174DD000FF4619 /* Preview Content */,
			);
			path = pathAndShape;
			sourceTree = "<group>";
		};
		D153F1A627174DD000FF4619 /* Preview Content */ = {
			isa = PBXGroup;
			children = (
				D153F1A727174DD000FF4619 /* Preview Assets.xcassets */,
			);
			path = "Preview Content";
			sourceTree = "<group>";
		};
/* End PBXGroup section */

/* Begin PBXNativeTarget section */
		D153F19C27174DCF00FF4619 /* pathAndShape */ = {
			isa = PBXNativeTarget;
			buildConfigurationList = D153F1AB27174DD000FF4619 /* Build configuration list for PBXNativeTarget "pathAndShape" */;
			buildPhases = (
				D153F19927174DCF00FF4619 /* Sources */,
				D153F19A27174DCF00FF4619 /* Frameworks */,
				D153F19B27174DCF00FF4619 /* Resources */,
			);
			buildRules = (
			);
			dependencies = (
			);
			name = pathAndShape;
			productName = pathAndShape;
			productReference = D153F19D27174DCF00FF4619 /* pathAndShape.app */;
			productType = "com.apple.product-type.application";
		};
/* End PBXNativeTarget section */

/* Begin PBXProject section */
		D153F19527174DCF00FF4619 /* Project object */ = {
			isa = PBXProject;
			attributes = {
				BuildIndependentTargetsInParallel = 1;
				LastSwiftUpdateCheck = 1300;
				LastUpgradeCheck = 1300;
				TargetAttributes = {
					D153F19C27174DCF00FF4619 = {
						CreatedOnToolsVersion = 13.0;
					};
				};
			};
			buildConfigurationList = D153F19827174DCF00FF4619 /* Build configuration list for PBXProject "pathAndShape" */;
			compatibilityVersion = "Xcode 13.0";
			developmentRegion = en;
			hasScannedForEncodings = 0;
			knownRegions = (
				en,
				Base,
			);
			mainGroup = D153F19427174DCF00FF4619;
			productRefGroup = D153F19E27174DCF00FF4619 /* Products */;
			projectDirPath = "";
			projectRoot = "";
			targets = (
				D153F19C27174DCF00FF4619 /* pathAndShape */,
			);
		};
/* End PBXProject section */

/* Begin PBXResourcesBuildPhase section */
		D153F19B27174DCF00FF4619 /* Resources */ = {
			isa = PBXResourcesBuildPhase;
			buildActionMask = 2147483647;
			files = (
				D153F1A827174DD000FF4619 /* Preview Assets.xcassets in Resources */,
				D153F1A527174DD000FF4619 /* Assets.xcassets in Resources */,
			);
			runOnlyForDeploymentPostprocessing = 0;
		};
/* End PBXResourcesBuildPhase section */

/* Begin PBXSourcesBuildPhase section */
		D153F19927174DCF00FF4619 /* Sources */ = {
			isa = PBXSourcesBuildPhase;
			buildActionMask = 2147483647;
			files = (
				D1716DB12717F57C00187D1B /* BigChungusStomach.swift in Sources */,
				D1716DAF2717E9F300187D1B /* BigChungusOutline.swift in Sources */,
				D153F1A327174DCF00FF4619 /* ContentView.swift in Sources */,
				D1E1457B271C783B0050DFD7 /* FriendView.swift in Sources */,
				D153F1A127174DCF00FF4619 /* pathAndShapeApp.swift in Sources */,
			);
			runOnlyForDeploymentPostprocessing = 0;
		};
/* End PBXSourcesBuildPhase section */

/* Begin XCBuildConfiguration section */
		D153F1A927174DD000FF4619 /* Debug */ = {
			isa = XCBuildConfiguration;
			buildSettings = {
				ALWAYS_SEARCH_USER_PATHS = NO;
				CLANG_ANALYZER_NONNULL = YES;
				CLANG_ANALYZER_NUMBER_OBJECT_CONVERSION = YES_AGGRESSIVE;
				CLANG_CXX_LANGUAGE_STANDARD = "gnu++17";
				CLANG_CXX_LIBRARY = "libc++";
				CLANG_ENABLE_MODULES = YES;
				CLANG_ENABLE_OBJC_ARC = YES;
				CLANG_ENABLE_OBJC_WEAK = YES;
				CLANG_WARN_BLOCK_CAPTURE_AUTORELEASING = YES;
				CLANG_WARN_BOOL_CONVERSION = YES;
				CLANG_WARN_COMMA = YES;
				CLANG_WARN_CONSTANT_CONVERSION = YES;
				CLANG_WARN_DEPRECATED_OBJC_IMPLEMENTATIONS = YES;
				CLANG_WARN_DIRECT_OBJC_ISA_USAGE = YES_ERROR;
				CLANG_WARN_DOCUMENTATION_COMMENTS = YES;
				CLANG_WARN_EMPTY_BODY = YES;
				CLANG_WARN_ENUM_CONVERSION = YES;
				CLANG_WARN_INFINITE_RECURSION = YES;
				CLANG_WARN_INT_CONVERSION = YES;
				CLANG_WARN_NON_LITERAL_NULL_CONVERSION = YES;
				CLANG_WARN_OBJC_IMPLICIT_RETAIN_SELF = YES;
				CLANG_WARN_OBJC_LITERAL_CONVERSION = YES;
				CLANG_WARN_OBJC_ROOT_CLASS = YES_ERROR;
				CLANG_WARN_QUOTED_INCLUDE_IN_FRAMEWORK_HEADER = YES;
				CLANG_WARN_RANGE_LOOP_ANALYSIS = YES;
				CLANG_WARN_STRICT_PROTOTYPES = YES;
				CLANG_WARN_SUSPICIOUS_MOVE = YES;
				CLANG_WARN_UNGUARDED_AVAILABILITY = YES_AGGRESSIVE;
				CLANG_WARN_UNREACHABLE_CODE = YES;
				CLANG_WARN__DUPLICATE_METHOD_MATCH = YES;
				COPY_PHASE_STRIP = NO;
				DEBUG_INFORMATION_FORMAT = dwarf;
				ENABLE_STRICT_OBJC_MSGSEND = YES;
				ENABLE_TESTABILITY = YES;
				GCC_C_LANGUAGE_STANDARD = gnu11;
				GCC_DYNAMIC_NO_PIC = NO;
				GCC_NO_COMMON_BLOCKS = YES;
				GCC_OPTIMIZATION_LEVEL = 0;
				GCC_PREPROCESSOR_DEFINITIONS = (
					"DEBUG=1",
					"$(inherited)",
				);
				GCC_WARN_64_TO_32_BIT_CONVERSION = YES;
				GCC_WARN_ABOUT_RETURN_TYPE = YES_ERROR;
				GCC_WARN_UNDECLARED_SELECTOR = YES;
				GCC_WARN_UNINITIALIZED_AUTOS = YES_AGGRESSIVE;
				GCC_WARN_UNUSED_FUNCTION = YES;
				GCC_WARN_UNUSED_VARIABLE = YES;
				IPHONEOS_DEPLOYMENT_TARGET = 15.0;
				MTL_ENABLE_DEBUG_INFO = INCLUDE_SOURCE;
				MTL_FAST_MATH = YES;
				ONLY_ACTIVE_ARCH = YES;
				SDKROOT = iphoneos;
				SWIFT_ACTIVE_COMPILATION_CONDITIONS = DEBUG;
				SWIFT_OPTIMIZATION_LEVEL = "-Onone";
			};
			name = Debug;
		};
		D153F1AA27174DD000FF4619 /* Release */ = {
			isa = XCBuildConfiguration;
			buildSettings = {
				ALWAYS_SEARCH_USER_PATHS = NO;
				CLANG_ANALYZER_NONNULL = YES;
				CLANG_ANALYZER_NUMBER_OBJECT_CONVERSION = YES_AGGRESSIVE;
				CLANG_CXX_LANGUAGE_STANDARD = "gnu++17";
				CLANG_CXX_LIBRARY = "libc++";
				CLANG_ENABLE_MODULES = YES;
				CLANG_ENABLE_OBJC_ARC = YES;
				CLANG_ENABLE_OBJC_WEAK = YES;
				CLANG_WARN_BLOCK_CAPTURE_AUTORELEASING = YES;
				CLANG_WARN_BOOL_CONVERSION = YES;
				CLANG_WARN_COMMA = YES;
				CLANG_WARN_CONSTANT_CONVERSION = YES;
				CLANG_WARN_DEPRECATED_OBJC_IMPLEMENTATIONS = YES;
				CLANG_WARN_DIRECT_OBJC_ISA_USAGE = YES_ERROR;
				CLANG_WARN_DOCUMENTATION_COMMENTS = YES;
				CLANG_WARN_EMPTY_BODY = YES;
				CLANG_WARN_ENUM_CONVERSION = YES;
				CLANG_WARN_INFINITE_RECURSION = YES;
				CLANG_WARN_INT_CONVERSION = YES;
				CLANG_WARN_NON_LITERAL_NULL_CONVERSION = YES;
				CLANG_WARN_OBJC_IMPLICIT_RETAIN_SELF = YES;
				CLANG_WARN_OBJC_LITERAL_CONVERSION = YES;
				CLANG_WARN_OBJC_ROOT_CLASS = YES_ERROR;
				CLANG_WARN_QUOTED_INCLUDE_IN_FRAMEWORK_HEADER = YES;
				CLANG_WARN_RANGE_LOOP_ANALYSIS = YES;
				CLANG_WARN_STRICT_PROTOTYPES = YES;
				CLANG_WARN_SUSPICIOUS_MOVE = YES;
				CLANG_WARN_UNGUARDED_AVAILABILITY = YES_AGGRESSIVE;
				CLANG_WARN_UNREACHABLE_CODE = YES;
				CLANG_WARN__DUPLICATE_METHOD_MATCH = YES;
				COPY_PHASE_STRIP = NO;
				DEBUG_INFORMATION_FORMAT = "dwarf-with-dsym";
				ENABLE_NS_ASSERTIONS = NO;
				ENABLE_STRICT_OBJC_MSGSEND = YES;
				GCC_C_LANGUAGE_STANDARD = gnu11;
				GCC_NO_COMMON_BLOCKS = YES;
				GCC_WARN_64_TO_32_BIT_CONVERSION = YES;
				GCC_WARN_ABOUT_RETURN_TYPE = YES_ERROR;
				GCC_WARN_UNDECLARED_SELECTOR = YES;
				GCC_WARN_UNINITIALIZED_AUTOS = YES_AGGRESSIVE;
				GCC_WARN_UNUSED_FUNCTION = YES;
				GCC_WARN_UNUSED_VARIABLE = YES;
				IPHONEOS_DEPLOYMENT_TARGET = 15.0;
				MTL_ENABLE_DEBUG_INFO = NO;
				MTL_FAST_MATH = YES;
				SDKROOT = iphoneos;
				SWIFT_COMPILATION_MODE = wholemodule;
				SWIFT_OPTIMIZATION_LEVEL = "-O";
				VALIDATE_PRODUCT = YES;
			};
			name = Release;
		};
		D153F1AC27174DD000FF4619 /* Debug */ = {
			isa = XCBuildConfiguration;
			buildSettings = {
				ASSETCATALOG_COMPILER_APPICON_NAME = AppIcon;
				ASSETCATALOG_COMPILER_GLOBAL_ACCENT_COLOR_NAME = AccentColor;
				CODE_SIGN_STYLE = Automatic;
				CURRENT_PROJECT_VERSION = 1;
				DEVELOPMENT_ASSET_PATHS = "\"pathAndShape/Preview Content\"";
				ENABLE_PREVIEWS = YES;
				GENERATE_INFOPLIST_FILE = YES;
				INFOPLIST_KEY_UIApplicationSceneManifest_Generation = YES;
				INFOPLIST_KEY_UIApplicationSupportsIndirectInputEvents = YES;
				INFOPLIST_KEY_UILaunchScreen_Generation = YES;
				INFOPLIST_KEY_UISupportedInterfaceOrientations_iPad = "UIInterfaceOrientationPortrait UIInterfaceOrientationPortraitUpsideDown UIInterfaceOrientationLandscapeLeft UIInterfaceOrientationLandscapeRight";
				INFOPLIST_KEY_UISupportedInterfaceOrientations_iPhone = "UIInterfaceOrientationPortrait UIInterfaceOrientationLandscapeLeft UIInterfaceOrientationLandscapeRight";
				IPHONEOS_DEPLOYMENT_TARGET = 14.0;
				LD_RUNPATH_SEARCH_PATHS = (
					"$(inherited)",
					"@executable_path/Frameworks",
				);
				MARKETING_VERSION = 1.0;
				PRODUCT_BUNDLE_IDENTIFIER = com.chouguting.pathAndShape;
				PRODUCT_NAME = "$(TARGET_NAME)";
				SWIFT_EMIT_LOC_STRINGS = YES;
				SWIFT_VERSION = 5.0;
				TARGETED_DEVICE_FAMILY = "1,2";
			};
			name = Debug;
		};
		D153F1AD27174DD000FF4619 /* Release */ = {
			isa = XCBuildConfiguration;
			buildSettings = {
				ASSETCATALOG_COMPILER_APPICON_NAME = AppIcon;
				ASSETCATALOG_COMPILER_GLOBAL_ACCENT_COLOR_NAME = AccentColor;
				CODE_SIGN_STYLE = Automatic;
				CURRENT_PROJECT_VERSION = 1;
				DEVELOPMENT_ASSET_PATHS = "\"pathAndShape/Preview Content\"";
				ENABLE_PREVIEWS = YES;
				GENERATE_INFOPLIST_FILE = YES;
				INFOPLIST_KEY_UIApplicationSceneManifest_Generation = YES;
				INFOPLIST_KEY_UIApplicationSupportsIndirectInputEvents = YES;
				INFOPLIST_KEY_UILaunchScreen_Generation = YES;
				INFOPLIST_KEY_UISupportedInterfaceOrientations_iPad = "UIInterfaceOrientationPortrait UIInterfaceOrientationPortraitUpsideDown UIInterfaceOrientationLandscapeLeft UIInterfaceOrientationLandscapeRight";
				INFOPLIST_KEY_UISupportedInterfaceOrientations_iPhone = "UIInterfaceOrientationPortrait UIInterfaceOrientationLandscapeLeft UIInterfaceOrientationLandscapeRight";
				IPHONEOS_DEPLOYMENT_TARGET = 14.0;
				LD_RUNPATH_SEARCH_PATHS = (
					"$(inherited)",
					"@executable_path/Frameworks",
				);
				MARKETING_VERSION = 1.0;
				PRODUCT_BUNDLE_IDENTIFIER = com.chouguting.pathAndShape;
				PRODUCT_NAME = "$(TARGET_NAME)";
				SWIFT_EMIT_LOC_STRINGS = YES;
				SWIFT_VERSION = 5.0;
				TARGETED_DEVICE_FAMILY = "1,2";
			};
			name = Release;
		};
/* End XCBuildConfiguration section */

/* Begin XCConfigurationList section */
		D153F19827174DCF00FF4619 /* Build configuration list for PBXProject "pathAndShape" */ = {
			isa = XCConfigurationList;
			buildConfigurations = (
				D153F1A927174DD000FF4619 /* Debug */,
				D153F1AA27174DD000FF4619 /* Release */,
			);
			defaultConfigurationIsVisible = 0;
			defaultConfigurationName = Release;
		};
		D153F1AB27174DD000FF4619 /* Build configuration list for PBXNativeTarget "pathAndShape" */ = {
			isa = XCConfigurationList;
			buildConfigurations = (
				D153F1AC27174DD000FF4619 /* Debug */,
				D153F1AD27174DD000FF4619 /* Release */,
			);
			defaultConfigurationIsVisible = 0;
			defaultConfigurationName = Release;
		};
/* End XCConfigurationList section */
	};
	rootObject = D153F19527174DCF00FF4619 /* Project object */;
}
